
Microsoft Visual Studio Solution File, Format Version 12.00
# Visual Studio Version 16
VisualStudioVersion = 16.0.30621.155
MinimumVisualStudioVersion = 10.0.40219.1
Project("{FAE04EC0-301F-11D3-BF4B-00C04F79EFBC}") = "ServiceEncrypt", "ServiceEncrypt\ServiceEncrypt.csproj", "{7FED5F39-2ADD-4CC9-A561-526D7E945D4A}"
EndProject
Global
	GlobalSection(SolutionConfigurationPlatforms) = preSolution
		Debug|Any CPU = Debug|Any CPU
		Release|Any CPU = Release|Any CPU
	EndGlobalSection
	GlobalSection(ProjectConfigurationPlatforms) = postSolution
		{7FED5F39-2ADD-4CC9-A561-526D7E945D4A}.Debug|Any CPU.ActiveCfg = Debug|Any CPU
		{7FED5F39-2ADD-4CC9-A561-526D7E945D4A}.Debug|Any CPU.Build.0 = Debug|Any CPU
		{7FED5F39-2ADD-4CC9-A561-526D7E945D4A}.Release|Any CPU.ActiveCfg = Release|Any CPU
		{7FED5F39-2ADD-4CC9-A561-526D7E945D4A}.Release|Any CPU.Build.0 = Release|Any CPU
	EndGlobalSection
	GlobalSection(SolutionProperties) = preSolution
		HideSolutionNode = FALSE
	EndGlobalSection
	GlobalSection(ExtensibilityGlobals) = postSolution
		SolutionGuid = {706B02EB-D1B9-4B15-B83E-68811577F4B2}
	EndGlobalSection
EndGlobal
